
Microsoft Visual Studio Solution File, Format Version 11.00
# Visual Studio 2010
Project("{FAE04EC0-301F-11D3-BF4B-00C04F79EFBC}") = "Snip", "SnipWeb\Snip.csproj", "{D2BABA5E-DC4A-4DCE-A0B2-3676A60386AA}"
EndProject
Global
	GlobalSection(TeamFoundationVersionControl) = preSolution
		SccNumberOfProjects = 2
		SccEnterpriseProvider = {4CA58AB2-18FA-4F8D-95D4-32DDF27D184C}
		SccTeamFoundationServer = http://vstfcodebox:8080/tfs/sigma
		SccLocalPath0 = .
		SccProjectUniqueName1 = SnipWeb\\Snip.csproj
		SccProjectName1 = SnipWeb
		SccLocalPath1 = SnipWeb
	EndGlobalSection
	GlobalSection(SolutionConfigurationPlatforms) = preSolution
		Debug|Any CPU = Debug|Any CPU
		Release|Any CPU = Release|Any CPU
	EndGlobalSection
	GlobalSection(ProjectConfigurationPlatforms) = postSolution
		{D2BABA5E-DC4A-4DCE-A0B2-3676A60386AA}.Debug|Any CPU.ActiveCfg = Debug|Any CPU
		{D2BABA5E-DC4A-4DCE-A0B2-3676A60386AA}.Debug|Any CPU.Build.0 = Debug|Any CPU
		{D2BABA5E-DC4A-4DCE-A0B2-3676A60386AA}.Release|Any CPU.ActiveCfg = Release|Any CPU
		{D2BABA5E-DC4A-4DCE-A0B2-3676A60386AA}.Release|Any CPU.Build.0 = Release|Any CPU
	EndGlobalSection
	GlobalSection(SolutionProperties) = preSolution
		HideSolutionNode = FALSE
	EndGlobalSection
EndGlobal
